
Microsoft Visual Studio Solution File, Format Version 12.00
# Visual Studio Version 17
VisualStudioVersion = 17.1.32328.378
MinimumVisualStudioVersion = 10.0.40219.1
Project("{FAE04EC0-301F-11D3-BF4B-00C04F79EFBC}") = "TemplateAPI", "TemplateAPI\TemplateAPI.csproj", "{175BAE92-450C-4769-947E-627E68FF2057}"
EndProject
Global
	GlobalSection(SolutionConfigurationPlatforms) = preSolution
		Debug|Any CPU = Debug|Any CPU
		Release|Any CPU = Release|Any CPU
	EndGlobalSection
	GlobalSection(ProjectConfigurationPlatforms) = postSolution
		{175BAE92-450C-4769-947E-627E68FF2057}.Debug|Any CPU.ActiveCfg = Debug|Any CPU
		{175BAE92-450C-4769-947E-627E68FF2057}.Debug|Any CPU.Build.0 = Debug|Any CPU
		{175BAE92-450C-4769-947E-627E68FF2057}.Release|Any CPU.ActiveCfg = Release|Any CPU
		{175BAE92-450C-4769-947E-627E68FF2057}.Release|Any CPU.Build.0 = Release|Any CPU
	EndGlobalSection
	GlobalSection(SolutionProperties) = preSolution
		HideSolutionNode = FALSE
	EndGlobalSection
	GlobalSection(ExtensibilityGlobals) = postSolution
		SolutionGuid = {EAA9C01C-955D-461C-B8C4-C3BC0E24B790}
	EndGlobalSection
EndGlobal
